
Microsoft Visual Studio Solution File, Format Version 12.00
# Visual Studio Version 16
VisualStudioVersion = 16.0.31112.23
MinimumVisualStudioVersion = 10.0.40219.1
Project("{9A19103F-16F7-4668-BE54-9A1E7A4F7556}") = "ArrayPoolExc", "ArrayPoolExc\ArrayPoolExc.csproj", "{377B440D-1323-4383-B7E6-19E7098B86ED}"
EndProject
Project("{FAE04EC0-301F-11D3-BF4B-00C04F79EFBC}") = "TestsConsole", "TestsConsole\TestsConsole.csproj", "{11E9B830-A18F-4876-9CD4-A4461B03C8DD}"
EndProject
Project("{FAE04EC0-301F-11D3-BF4B-00C04F79EFBC}") = "BenchmarkApp", "BenchmarkApp\BenchmarkApp.csproj", "{38B0B543-1298-4D3B-B9A3-50A97EC42DA4}"
EndProject
Global
	GlobalSection(SolutionConfigurationPlatforms) = preSolution
		Debug|Any CPU = Debug|Any CPU
		Release|Any CPU = Release|Any CPU
	EndGlobalSection
	GlobalSection(ProjectConfigurationPlatforms) = postSolution
		{377B440D-1323-4383-B7E6-19E7098B86ED}.Debug|Any CPU.ActiveCfg = Debug|Any CPU
		{377B440D-1323-4383-B7E6-19E7098B86ED}.Debug|Any CPU.Build.0 = Debug|Any CPU
		{377B440D-1323-4383-B7E6-19E7098B86ED}.Release|Any CPU.ActiveCfg = Release|Any CPU
		{377B440D-1323-4383-B7E6-19E7098B86ED}.Release|Any CPU.Build.0 = Release|Any CPU
		{11E9B830-A18F-4876-9CD4-A4461B03C8DD}.Debug|Any CPU.ActiveCfg = Debug|Any CPU
		{11E9B830-A18F-4876-9CD4-A4461B03C8DD}.Debug|Any CPU.Build.0 = Debug|Any CPU
		{11E9B830-A18F-4876-9CD4-A4461B03C8DD}.Release|Any CPU.ActiveCfg = Release|Any CPU
		{11E9B830-A18F-4876-9CD4-A4461B03C8DD}.Release|Any CPU.Build.0 = Release|Any CPU
		{38B0B543-1298-4D3B-B9A3-50A97EC42DA4}.Debug|Any CPU.ActiveCfg = Debug|Any CPU
		{38B0B543-1298-4D3B-B9A3-50A97EC42DA4}.Debug|Any CPU.Build.0 = Debug|Any CPU
		{38B0B543-1298-4D3B-B9A3-50A97EC42DA4}.Release|Any CPU.ActiveCfg = Release|Any CPU
		{38B0B543-1298-4D3B-B9A3-50A97EC42DA4}.Release|Any CPU.Build.0 = Release|Any CPU
	EndGlobalSection
	GlobalSection(SolutionProperties) = preSolution
		HideSolutionNode = FALSE
	EndGlobalSection
	GlobalSection(ExtensibilityGlobals) = postSolution
		SolutionGuid = {8CF91A3B-CBE9-4351-AA6A-B50713CDBFEB}
	EndGlobalSection
EndGlobal
